
Microsoft Visual Studio Solution File, Format Version 10.00
# Visual Studio 2008
Project("{FAE04EC0-301F-11D3-BF4B-00C04F79EFBC}") = "xp3dumper_gui", "xp3dumper_gui\xp3dumper_gui.csproj", "{D852A983-B0FE-4B6E-8664-316BC13A8B16}"
EndProject
Global
	GlobalSection(SolutionConfigurationPlatforms) = preSolution
		Debug|Any CPU = Debug|Any CPU
		Release|Any CPU = Release|Any CPU
	EndGlobalSection
	GlobalSection(ProjectConfigurationPlatforms) = postSolution
		{D852A983-B0FE-4B6E-8664-316BC13A8B16}.Debug|Any CPU.ActiveCfg = Debug|Any CPU
		{D852A983-B0FE-4B6E-8664-316BC13A8B16}.Debug|Any CPU.Build.0 = Debug|Any CPU
		{D852A983-B0FE-4B6E-8664-316BC13A8B16}.Release|Any CPU.ActiveCfg = Release|Any CPU
		{D852A983-B0FE-4B6E-8664-316BC13A8B16}.Release|Any CPU.Build.0 = Release|Any CPU
	EndGlobalSection
	GlobalSection(SolutionProperties) = preSolution
		HideSolutionNode = FALSE
	EndGlobalSection
EndGlobal
